<?xml version="1.0" encoding="utf-8"?>
<Project ToolsVersion="4.0" xmlns="http://schemas.microsoft.com/developer/msbuild/2003">
  <ItemGroup>
    <Filter Include="Source Files">
      <UniqueIdentifier>{4FC737F1-C7A5-4376-A066-2A32D752A2FF}</UniqueIdentifier>
      <Extensions>cpp;c;cc;cxx;c++;cppm;ixx;def;odl;idl;hpj;bat;asm;asmx</Extensions>
    </Filter>
    <Filter Include="Header Files">
      <UniqueIdentifier>{93995380-89BD-4b04-88EB-625FBE52EBFB}</UniqueIdentifier>
      <Extensions>h;hh;hpp;hxx;h++;hm;inl;inc;ipp;xsd</Extensions>
    </Filter>
    <Filter Include="Resource Files">
      <UniqueIdentifier>{67DA6AB6-F800-4c08-8B7A-83BB121AAD01}</UniqueIdentifier>
      <Extensions>rc;ico;cur;bmp;dlg;rc2;rct;bin;rgs;gif;jpg;jpeg;jpe;resx;tiff;tif;png;wav;mfcribbon-ms</Extensions>
    </Filter>
    <Filter Include="Source Files\MONSTER.cpp">
      <UniqueIdentifier>{ed4881bf-6e69-4214-8fe1-bf4a6b6a3ef5}</UniqueIdentifier>
    </Filter>
    <Filter Include="Header Files\MONSTER.h">
      <UniqueIdentifier>{b4652234-08de-41b8-9653-060d20cea683}</UniqueIdentifier>
    </Filter>
    <Filter Include="Header Files\Manager">
      <UniqueIdentifier>{65473f73-616d-4abc-a16a-a0da9fbf13c1}</UniqueIdentifier>
    </Filter>
  </ItemGroup>
  <ItemGroup>
    <ClCompile Include="Main.cpp">
      <Filter>Source Files</Filter>
    </ClCompile>
    <ClCompile Include="Unit.cpp">
      <Filter>Source Files</Filter>
    </ClCompile>
    <ClCompile Include="Monster.cpp">
      <Filter>Source Files</Filter>
    </ClCompile>
    <ClCompile Include="kyunghopark.cpp">
      <Filter>Source Files</Filter>
    </ClCompile>
    <ClCompile Include="Player.cpp">
      <Filter>Source Files</Filter>
    </ClCompile>
    <ClCompile Include="ItemList.cpp">
      <Filter>Source Files</Filter>
    </ClCompile>
    <ClCompile Include="Inventory.cpp">
      <Filter>Source Files</Filter>
    </ClCompile>
    <ClCompile Include="Dice.cpp">
      <Filter>Source Files</Filter>
    </ClCompile>
    <ClCompile Include="Bat.cpp">
      <Filter>Source Files\MONSTER.cpp</Filter>
    </ClCompile>
    <ClCompile Include="Goblin.cpp">
      <Filter>Source Files\MONSTER.cpp</Filter>
    </ClCompile>
    <ClCompile Include="Slime.cpp">
      <Filter>Source Files\MONSTER.cpp</Filter>
    </ClCompile>
    <ClCompile Include="Sphinx.cpp">
      <Filter>Source Files\MONSTER.cpp</Filter>
    </ClCompile>
    <ClCompile Include="Skeleton.cpp">
      <Filter>Source Files\MONSTER.cpp</Filter>
    </ClCompile>
    <ClCompile Include="Potion.cpp">
      <Filter>Source Files</Filter>
    </ClCompile>
    <ClCompile Include="Weapon.cpp">
      <Filter>Source Files</Filter>
    </ClCompile>
    <ClCompile Include="Collected.cpp">
      <Filter>Source Files</Filter>
    </ClCompile>
    <ClCompile Include="DungeonManager.cpp">
      <Filter>Source Files</Filter>
    </ClCompile>
    <ClCompile Include="ShopUI.cpp">
      <Filter>Source Files</Filter>
    </ClCompile>
    <ClCompile Include="Recipelist.cpp">
      <Filter>Source Files</Filter>
    </ClCompile>
    <ClCompile Include="PriceList.cpp">
      <Filter>Source Files</Filter>
    </ClCompile>
    <ClCompile Include="CraftUI.cpp">
      <Filter>Source Files</Filter>
    </ClCompile>
    <ClCompile Include="AlchemyWorkshop.cpp">
      <Filter>Source Files</Filter>
    </ClCompile>
    <ClCompile Include="Wolf.cpp">
      <Filter>Source Files\MONSTER.cpp</Filter>
    </ClCompile>
    <ClCompile Include="Spider.cpp">
      <Filter>Source Files\MONSTER.cpp</Filter>
    </ClCompile>
    <ClCompile Include="Dragon.cpp">
      <Filter>Source Files\MONSTER.cpp</Filter>
    </ClCompile>
    <ClCompile Include="Orc.cpp">
      <Filter>Source Files\MONSTER.cpp</Filter>
    </ClCompile>
    <ClCompile Include="Zombie.cpp">
      <Filter>Source Files\MONSTER.cpp</Filter>
    </ClCompile>
  </ItemGroup>
  <ItemGroup>
    <ClInclude Include="GameManager.h">
      <Filter>Header Files</Filter>
    </ClInclude>
    <ClInclude Include="Unit.h">
      <Filter>Header Files</Filter>
    </ClInclude>
    <ClInclude Include="Stats.h">
      <Filter>Header Files</Filter>
    </ClInclude>
    <ClInclude Include="Monster.h">
      <Filter>Header Files</Filter>
    </ClInclude>
    <ClInclude Include="kyunghopark.h">
      <Filter>Header Files</Filter>
    </ClInclude>
    <ClInclude Include="Player.h">
      <Filter>Header Files</Filter>
    </ClInclude>
    <ClInclude Include="Item.h">
      <Filter>Header Files</Filter>
    </ClInclude>
    <ClInclude Include="ItemList.h">
      <Filter>Header Files</Filter>
    </ClInclude>
    <ClInclude Include="Inventory.h">
      <Filter>Header Files</Filter>
    </ClInclude>
    <ClInclude Include="Dice.h">
      <Filter>Header Files</Filter>
    </ClInclude>
    <ClInclude Include="Bat.h">
      <Filter>Header Files\MONSTER.h</Filter>
    </ClInclude>
    <ClInclude Include="Goblin.h">
      <Filter>Header Files\MONSTER.h</Filter>
    </ClInclude>
    <ClInclude Include="Slime.h">
      <Filter>Header Files\MONSTER.h</Filter>
    </ClInclude>
    <ClInclude Include="Sphinx.h">
      <Filter>Header Files\MONSTER.h</Filter>
    </ClInclude>
    <ClInclude Include="Skeleton.h">
      <Filter>Header Files\MONSTER.h</Filter>
    </ClInclude>
    <ClInclude Include="Potion.h">
      <Filter>Header Files</Filter>
    </ClInclude>
    <ClInclude Include="Weapon.h">
      <Filter>Header Files</Filter>
    </ClInclude>
    <ClInclude Include="Collected.h">
      <Filter>Header Files</Filter>
    </ClInclude>
    <ClInclude Include="DungeonManager.h">
      <Filter>Header Files</Filter>
    </ClInclude>
    <ClInclude Include="Transaction.h">
      <Filter>Header Files</Filter>
    </ClInclude>
    <ClInclude Include="ShopUI.h">
      <Filter>Header Files</Filter>
    </ClInclude>
    <ClInclude Include="Recipelist.h">
      <Filter>Header Files</Filter>
    </ClInclude>
    <ClInclude Include="Shop.h">
      <Filter>Header Files</Filter>
    </ClInclude>
    <ClInclude Include="PriceList.h">
      <Filter>Header Files</Filter>
    </ClInclude>
    <ClInclude Include="Recipe.h">
      <Filter>Header Files</Filter>
    </ClInclude>
    <ClInclude Include="Price.h">
      <Filter>Header Files</Filter>
    </ClInclude>
    <ClInclude Include="CraftUI.h">
      <Filter>Header Files</Filter>
    </ClInclude>
    <ClInclude Include="AlchemyWorkshop.h">
      <Filter>Header Files</Filter>
    </ClInclude>
    <ClInclude Include="Craft.h">
      <Filter>Header Files</Filter>
    </ClInclude>
    <ClInclude Include="ICraftworkshop.h">
      <Filter>Header Files</Filter>
    </ClInclude>
    <ClInclude Include="Wolf.h">
      <Filter>Header Files\MONSTER.h</Filter>
    </ClInclude>
    <ClInclude Include="Spider.h">
      <Filter>Header Files\MONSTER.h</Filter>
    </ClInclude>
    <ClInclude Include="Zombie.h">
      <Filter>Header Files\MONSTER.h</Filter>
    </ClInclude>
    <ClInclude Include="Dragon.h">
      <Filter>Header Files\MONSTER.h</Filter>
    </ClInclude>
    <ClInclude Include="Orc.h">
      <Filter>Header Files\MONSTER.h</Filter>
    </ClInclude>
    <ClInclude Include="UIManager.h">
      <Filter>Header Files\Manager</Filter>
    </ClInclude>
    <ClInclude Include="BattleManager.h">
      <Filter>Header Files\Manager</Filter>
    </ClInclude>
  </ItemGroup>
</Project>